
Microsoft Visual Studio Solution File, Format Version 12.00
# Visual Studio Version 17
VisualStudioVersion = 17.13.35825.156 d17.13
MinimumVisualStudioVersion = 10.0.40219.1
Project("{FAE04EC0-301F-11D3-BF4B-00C04F79EFBC}") = "Quorum", "Quorum\Quorum.csproj", "{C27A53C1-71F3-4610-8B0E-DF532B282471}"
EndProject
Global
	GlobalSection(SolutionConfigurationPlatforms) = preSolution
		Debug|Any CPU = Debug|Any CPU
		Release|Any CPU = Release|Any CPU
	EndGlobalSection
	GlobalSection(ProjectConfigurationPlatforms) = postSolution
		{C27A53C1-71F3-4610-8B0E-DF532B282471}.Debug|Any CPU.ActiveCfg = Debug|Any CPU
		{C27A53C1-71F3-4610-8B0E-DF532B282471}.Debug|Any CPU.Build.0 = Debug|Any CPU
		{C27A53C1-71F3-4610-8B0E-DF532B282471}.Release|Any CPU.ActiveCfg = Release|Any CPU
		{C27A53C1-71F3-4610-8B0E-DF532B282471}.Release|Any CPU.Build.0 = Release|Any CPU
	EndGlobalSection
	GlobalSection(SolutionProperties) = preSolution
		HideSolutionNode = FALSE
	EndGlobalSection
	GlobalSection(ExtensibilityGlobals) = postSolution
		SolutionGuid = {1842C80C-16D4-4E92-94EA-5535320D2BC6}
	EndGlobalSection
EndGlobal
